
Microsoft Visual Studio Solution File, Format Version 12.00
# Visual Studio Version 16
VisualStudioVersion = 16.0.29609.76
MinimumVisualStudioVersion = 10.0.40219.1
Project("{FAE04EC0-301F-11D3-BF4B-00C04F79EFBC}") = "Odcinek", "Odcinek\Odcinek.csproj", "{46E39A69-1873-4C9B-A04E-BB5026B0D6DA}"
EndProject
Global
	GlobalSection(SolutionConfigurationPlatforms) = preSolution
		Debug|Any CPU = Debug|Any CPU
		Release|Any CPU = Release|Any CPU
	EndGlobalSection
	GlobalSection(ProjectConfigurationPlatforms) = postSolution
		{46E39A69-1873-4C9B-A04E-BB5026B0D6DA}.Debug|Any CPU.ActiveCfg = Debug|Any CPU
		{46E39A69-1873-4C9B-A04E-BB5026B0D6DA}.Debug|Any CPU.Build.0 = Debug|Any CPU
		{46E39A69-1873-4C9B-A04E-BB5026B0D6DA}.Release|Any CPU.ActiveCfg = Release|Any CPU
		{46E39A69-1873-4C9B-A04E-BB5026B0D6DA}.Release|Any CPU.Build.0 = Release|Any CPU
	EndGlobalSection
	GlobalSection(SolutionProperties) = preSolution
		HideSolutionNode = FALSE
	EndGlobalSection
	GlobalSection(ExtensibilityGlobals) = postSolution
		SolutionGuid = {11B31A3D-6015-4020-8883-0A91E608D15A}
	EndGlobalSection
EndGlobal
